// !$*UTF8*$!
{
	archiveVersion = 1;
	classes = {
	};
	objectVersion = 46;
	objects = {

/* Begin PBXBuildFile section */
		468D4B2F19247EE80043A3FD /* Deck.m in Sources */ = {isa = PBXBuildFile; fileRef = 468D4B2E19247EE80043A3FD /* Deck.m */; };
		468D4B32192484CF0043A3FD /* PlayingCard.m in Sources */ = {isa = PBXBuildFile; fileRef = 468D4B31192484CF0043A3FD /* PlayingCard.m */; };
		468D4B35192491EB0043A3FD /* PlayingCardDeck.m in Sources */ = {isa = PBXBuildFile; fileRef = 468D4B34192491EB0043A3FD /* PlayingCardDeck.m */; };
		468D4B381924A4C50043A3FD /* Card.m in Sources */ = {isa = PBXBuildFile; fileRef = 468D4B361924A4C50043A3FD /* Card.m */; };
		468D4B3B1926FD200043A3FD /* CardMatchingGame.m in Sources */ = {isa = PBXBuildFile; fileRef = 468D4B3A1926FD200043A3FD /* CardMatchingGame.m */; };
		46B2DFD51921D97E009609CD /* Foundation.framework in Frameworks */ = {isa = PBXBuildFile; fileRef = 46B2DFD41921D97E009609CD /* Foundation.framework */; };
		46B2DFD71921D97E009609CD /* CoreGraphics.framework in Frameworks */ = {isa = PBXBuildFile; fileRef = 46B2DFD61921D97E009609CD /* CoreGraphics.framework */; };
		46B2DFD91921D97E009609CD /* UIKit.framework in Frameworks */ = {isa = PBXBuildFile; fileRef = 46B2DFD81921D97E009609CD /* UIKit.framework */; };
		46B2DFDF1921D97E009609CD /* InfoPlist.strings in Resources */ = {isa = PBXBuildFile; fileRef = 46B2DFDD1921D97E009609CD /* InfoPlist.strings */; };
		46B2DFE11921D97E009609CD /* main.m in Sources */ = {isa = PBXBuildFile; fileRef = 46B2DFE01921D97E009609CD /* main.m */; };
		46B2DFE51921D97E009609CD /* CardGameAppDelegate.m in Sources */ = {isa = PBXBuildFile; fileRef = 46B2DFE41921D97E009609CD /* CardGameAppDelegate.m */; };
		46B2DFE81921D97E009609CD /* Main.storyboard in Resources */ = {isa = PBXBuildFile; fileRef = 46B2DFE61921D97E009609CD /* Main.storyboard */; };
		46B2DFEB1921D97E009609CD /* CardGameViewController.m in Sources */ = {isa = PBXBuildFile; fileRef = 46B2DFEA1921D97E009609CD /* CardGameViewController.m */; };
		46B2DFED1921D97E009609CD /* Images.xcassets in Resources */ = {isa = PBXBuildFile; fileRef = 46B2DFEC1921D97E009609CD /* Images.xcassets */; };
		46B2DFF41921D97E009609CD /* XCTest.framework in Frameworks */ = {isa = PBXBuildFile; fileRef = 46B2DFF31921D97E009609CD /* XCTest.framework */; };
		46B2DFF51921D97E009609CD /* Foundation.framework in Frameworks */ = {isa = PBXBuildFile; fileRef = 46B2DFD41921D97E009609CD /* Foundation.framework */; };
		46B2DFF61921D97E009609CD /* UIKit.framework in Frameworks */ = {isa = PBXBuildFile; fileRef = 46B2DFD81921D97E009609CD /* UIKit.framework */; };
		46B2DFFE1921D97E009609CD /* InfoPlist.strings in Resources */ = {isa = PBXBuildFile; fileRef = 46B2DFFC1921D97E009609CD /* InfoPlist.strings */; };
		46B2E0001921D97E009609CD /* MachismoTests.m in Sources */ = {isa = PBXBuildFile; fileRef = 46B2DFFF1921D97E009609CD /* MachismoTests.m */; };
/* End PBXBuildFile section */

/* Begin PBXContainerItemProxy section */
		46B2DFF71921D97E009609CD /* PBXContainerItemProxy */ = {
			isa = PBXContainerItemProxy;
			containerPortal = 46B2DFC91921D97E009609CD /* Project object */;
			proxyType = 1;
			remoteGlobalIDString = 46B2DFD01921D97E009609CD;
			remoteInfo = Machismo;
		};
/* End PBXContainerItemProxy section */

/* Begin PBXFileReference section */
		468D4B2D19247EE80043A3FD /* Deck.h */ = {isa = PBXFileReference; fileEncoding = 4; lastKnownFileType = sourcecode.c.h; name = Deck.h; path = Models/Deck.h; sourceTree = "<group>"; };
		468D4B2E19247EE80043A3FD /* Deck.m */ = {isa = PBXFileReference; fileEncoding = 4; lastKnownFileType = sourcecode.c.objc; name = Deck.m; path = Models/Deck.m; sourceTree = "<group>"; };
		468D4B30192484CF0043A3FD /* PlayingCard.h */ = {isa = PBXFileReference; fileEncoding = 4; lastKnownFileType = sourcecode.c.h; name = PlayingCard.h; path = Models/PlayingCard.h; sourceTree = "<group>"; };
		468D4B31192484CF0043A3FD /* PlayingCard.m */ = {isa = PBXFileReference; fileEncoding = 4; lastKnownFileType = sourcecode.c.objc; name = PlayingCard.m; path = Models/PlayingCard.m; sourceTree = "<group>"; };
		468D4B33192491EB0043A3FD /* PlayingCardDeck.h */ = {isa = PBXFileReference; fileEncoding = 4; lastKnownFileType = sourcecode.c.h; name = PlayingCardDeck.h; path = Models/PlayingCardDeck.h; sourceTree = "<group>"; };
		468D4B34192491EB0043A3FD /* PlayingCardDeck.m */ = {isa = PBXFileReference; fileEncoding = 4; lastKnownFileType = sourcecode.c.objc; name = PlayingCardDeck.m; path = Models/PlayingCardDeck.m; sourceTree = "<group>"; };
		468D4B361924A4C50043A3FD /* Card.m */ = {isa = PBXFileReference; fileEncoding = 4; lastKnownFileType = sourcecode.c.objc; name = Card.m; path = Models/Card.m; sourceTree = "<group>"; };
		468D4B371924A4C50043A3FD /* Card.h */ = {isa = PBXFileReference; fileEncoding = 4; lastKnownFileType = sourcecode.c.h; name = Card.h; path = Models/Card.h; sourceTree = "<group>"; };
		468D4B391926FD200043A3FD /* CardMatchingGame.h */ = {isa = PBXFileReference; fileEncoding = 4; lastKnownFileType = sourcecode.c.h; name = CardMatchingGame.h; path = Models/CardMatchingGame.h; sourceTree = "<group>"; };
		468D4B3A1926FD200043A3FD /* CardMatchingGame.m */ = {isa = PBXFileReference; fileEncoding = 4; lastKnownFileType = sourcecode.c.objc; name = CardMatchingGame.m; path = Models/CardMatchingGame.m; sourceTree = "<group>"; };
		46B2DFD11921D97E009609CD /* Machismo.app */ = {isa = PBXFileReference; explicitFileType = wrapper.application; includeInIndex = 0; path = Machismo.app; sourceTree = BUILT_PRODUCTS_DIR; };
		46B2DFD41921D97E009609CD /* Foundation.framework */ = {isa = PBXFileReference; lastKnownFileType = wrapper.framework; name = Foundation.framework; path = System/Library/Frameworks/Foundation.framework; sourceTree = SDKROOT; };
		46B2DFD61921D97E009609CD /* CoreGraphics.framework */ = {isa = PBXFileReference; lastKnownFileType = wrapper.framework; name = CoreGraphics.framework; path = System/Library/Frameworks/CoreGraphics.framework; sourceTree = SDKROOT; };
		46B2DFD81921D97E009609CD /* UIKit.framework */ = {isa = PBXFileReference; lastKnownFileType = wrapper.framework; name = UIKit.framework; path = System/Library/Frameworks/UIKit.framework; sourceTree = SDKROOT; };
		46B2DFDC1921D97E009609CD /* Machismo-Info.plist */ = {isa = PBXFileReference; lastKnownFileType = text.plist.xml; path = "Machismo-Info.plist"; sourceTree = "<group>"; };
		46B2DFDE1921D97E009609CD /* en */ = {isa = PBXFileReference; lastKnownFileType = text.plist.strings; name = en; path = en.lproj/InfoPlist.strings; sourceTree = "<group>"; };
		46B2DFE01921D97E009609CD /* main.m */ = {isa = PBXFileReference; lastKnownFileType = sourcecode.c.objc; path = main.m; sourceTree = "<group>"; };
		46B2DFE21921D97E009609CD /* Machismo-Prefix.pch */ = {isa = PBXFileReference; lastKnownFileType = sourcecode.c.h; path = "Machismo-Prefix.pch"; sourceTree = "<group>"; };
		46B2DFE31921D97E009609CD /* CardGameAppDelegate.h */ = {isa = PBXFileReference; lastKnownFileType = sourcecode.c.h; path = CardGameAppDelegate.h; sourceTree = "<group>"; };
		46B2DFE41921D97E009609CD /* CardGameAppDelegate.m */ = {isa = PBXFileReference; lastKnownFileType = sourcecode.c.objc; path = CardGameAppDelegate.m; sourceTree = "<group>"; };
		46B2DFE71921D97E009609CD /* Base */ = {isa = PBXFileReference; lastKnownFileType = file.storyboard; name = Base; path = Base.lproj/Main.storyboard; sourceTree = "<group>"; };
		46B2DFE91921D97E009609CD /* CardGameViewController.h */ = {isa = PBXFileReference; lastKnownFileType = sourcecode.c.h; path = CardGameViewController.h; sourceTree = "<group>"; };
		46B2DFEA1921D97E009609CD /* CardGameViewController.m */ = {isa = PBXFileReference; lastKnownFileType = sourcecode.c.objc; path = CardGameViewController.m; sourceTree = "<group>"; };
		46B2DFEC1921D97E009609CD /* Images.xcassets */ = {isa = PBXFileReference; lastKnownFileType = folder.assetcatalog; path = Images.xcassets; sourceTree = "<group>"; };
		46B2DFF21921D97E009609CD /* MachismoTests.xctest */ = {isa = PBXFileReference; explicitFileType = wrapper.cfbundle; includeInIndex = 0; path = MachismoTests.xctest; sourceTree = BUILT_PRODUCTS_DIR; };
		46B2DFF31921D97E009609CD /* XCTest.framework */ = {isa = PBXFileReference; lastKnownFileType = wrapper.framework; name = XCTest.framework; path = Library/Frameworks/XCTest.framework; sourceTree = DEVELOPER_DIR; };
		46B2DFFB1921D97E009609CD /* MachismoTests-Info.plist */ = {isa = PBXFileReference; lastKnownFileType = text.plist.xml; path = "MachismoTests-Info.plist"; sourceTree = "<group>"; };
		46B2DFFD1921D97E009609CD /* en */ = {isa = PBXFileReference; lastKnownFileType = text.plist.strings; name = en; path = en.lproj/InfoPlist.strings; sourceTree = "<group>"; };
		46B2DFFF1921D97E009609CD /* MachismoTests.m */ = {isa = PBXFileReference; lastKnownFileType = sourcecode.c.objc; path = MachismoTests.m; sourceTree = "<group>"; };
/* End PBXFileReference section */

/* Begin PBXFrameworksBuildPhase section */
		46B2DFCE1921D97E009609CD /* Frameworks */ = {
			isa = PBXFrameworksBuildPhase;
			buildActionMask = 2147483647;
			files = (
				46B2DFD71921D97E009609CD /* CoreGraphics.framework in Frameworks */,
				46B2DFD91921D97E009609CD /* UIKit.framework in Frameworks */,
				46B2DFD51921D97E009609CD /* Foundation.framework in Frameworks */,
			);
			runOnlyForDeploymentPostprocessing = 0;
		};
		46B2DFEF1921D97E009609CD /* Frameworks */ = {
			isa = PBXFrameworksBuildPhase;
			buildActionMask = 2147483647;
			files = (
				46B2DFF41921D97E009609CD /* XCTest.framework in Frameworks */,
				46B2DFF61921D97E009609CD /* UIKit.framework in Frameworks */,
				46B2DFF51921D97E009609CD /* Foundation.framework in Frameworks */,
			);
			runOnlyForDeploymentPostprocessing = 0;
		};
/* End PBXFrameworksBuildPhase section */

/* Begin PBXGroup section */
		468D4B2C192475A10043A3FD /* Models */ = {
			isa = PBXGroup;
			children = (
				468D4B391926FD200043A3FD /* CardMatchingGame.h */,
				468D4B3A1926FD200043A3FD /* CardMatchingGame.m */,
				468D4B361924A4C50043A3FD /* Card.m */,
				468D4B371924A4C50043A3FD /* Card.h */,
				468D4B2D19247EE80043A3FD /* Deck.h */,
				468D4B2E19247EE80043A3FD /* Deck.m */,
				468D4B30192484CF0043A3FD /* PlayingCard.h */,
				468D4B31192484CF0043A3FD /* PlayingCard.m */,
				468D4B33192491EB0043A3FD /* PlayingCardDeck.h */,
				468D4B34192491EB0043A3FD /* PlayingCardDeck.m */,
			);
			name = Models;
			sourceTree = "<group>";
		};
		46B2DFC81921D97E009609CD = {
			isa = PBXGroup;
			children = (
				46B2DFDA1921D97E009609CD /* Machismo */,
				46B2DFF91921D97E009609CD /* MachismoTests */,
				46B2DFD31921D97E009609CD /* Frameworks */,
				46B2DFD21921D97E009609CD /* Products */,
			);
			sourceTree = "<group>";
		};
		46B2DFD21921D97E009609CD /* Products */ = {
			isa = PBXGroup;
			children = (
				46B2DFD11921D97E009609CD /* Machismo.app */,
				46B2DFF21921D97E009609CD /* MachismoTests.xctest */,
			);
			name = Products;
			sourceTree = "<group>";
		};
		46B2DFD31921D97E009609CD /* Frameworks */ = {
			isa = PBXGroup;
			children = (
				46B2DFD41921D97E009609CD /* Foundation.framework */,
				46B2DFD61921D97E009609CD /* CoreGraphics.framework */,
				46B2DFD81921D97E009609CD /* UIKit.framework */,
				46B2DFF31921D97E009609CD /* XCTest.framework */,
			);
			name = Frameworks;
			sourceTree = "<group>";
		};
		46B2DFDA1921D97E009609CD /* Machismo */ = {
			isa = PBXGroup;
			children = (
				468D4B2C192475A10043A3FD /* Models */,
				46B2DFE31921D97E009609CD /* CardGameAppDelegate.h */,
				46B2DFE41921D97E009609CD /* CardGameAppDelegate.m */,
				46B2DFE61921D97E009609CD /* Main.storyboard */,
				46B2DFE91921D97E009609CD /* CardGameViewController.h */,
				46B2DFEA1921D97E009609CD /* CardGameViewController.m */,
				46B2DFEC1921D97E009609CD /* Images.xcassets */,
				46B2DFDB1921D97E009609CD /* Supporting Files */,
			);
			path = Machismo;
			sourceTree = "<group>";
		};
		46B2DFDB1921D97E009609CD /* Supporting Files */ = {
			isa = PBXGroup;
			children = (
				46B2DFDC1921D97E009609CD /* Machismo-Info.plist */,
				46B2DFDD1921D97E009609CD /* InfoPlist.strings */,
				46B2DFE01921D97E009609CD /* main.m */,
				46B2DFE21921D97E009609CD /* Machismo-Prefix.pch */,
			);
			name = "Supporting Files";
			sourceTree = "<group>";
		};
		46B2DFF91921D97E009609CD /* MachismoTests */ = {
			isa = PBXGroup;
			children = (
				46B2DFFF1921D97E009609CD /* MachismoTests.m */,
				46B2DFFA1921D97E009609CD /* Supporting Files */,
			);
			path = MachismoTests;
			sourceTree = "<group>";
		};
		46B2DFFA1921D97E009609CD /* Supporting Files */ = {
			isa = PBXGroup;
			children = (
				46B2DFFB1921D97E009609CD /* MachismoTests-Info.plist */,
				46B2DFFC1921D97E009609CD /* InfoPlist.strings */,
			);
			name = "Supporting Files";
			sourceTree = "<group>";
		};
/* End PBXGroup section */

/* Begin PBXNativeTarget section */
		46B2DFD01921D97E009609CD /* Machismo */ = {
			isa = PBXNativeTarget;
			buildConfigurationList = 46B2E0031921D97E009609CD /* Build configuration list for PBXNativeTarget "Machismo" */;
			buildPhases = (
				46B2DFCD1921D97E009609CD /* Sources */,
				46B2DFCE1921D97E009609CD /* Frameworks */,
				46B2DFCF1921D97E009609CD /* Resources */,
			);
			buildRules = (
			);
			dependencies = (
			);
			name = Machismo;
			productName = Machismo;
			productReference = 46B2DFD11921D97E009609CD /* Machismo.app */;
			productType = "com.apple.product-type.application";
		};
		46B2DFF11921D97E009609CD /* MachismoTests */ = {
			isa = PBXNativeTarget;
			buildConfigurationList = 46B2E0061921D97E009609CD /* Build configuration list for PBXNativeTarget "MachismoTests" */;
			buildPhases = (
				46B2DFEE1921D97E009609CD /* Sources */,
				46B2DFEF1921D97E009609CD /* Frameworks */,
				46B2DFF01921D97E009609CD /* Resources */,
			);
			buildRules = (
			);
			dependencies = (
				46B2DFF81921D97E009609CD /* PBXTargetDependency */,
			);
			name = MachismoTests;
			productName = MachismoTests;
			productReference = 46B2DFF21921D97E009609CD /* MachismoTests.xctest */;
			productType = "com.apple.product-type.bundle.unit-test";
		};
/* End PBXNativeTarget section */

/* Begin PBXProject section */
		46B2DFC91921D97E009609CD /* Project object */ = {
			isa = PBXProject;
			attributes = {
				CLASSPREFIX = CardGame;
				LastUpgradeCheck = 0510;
				ORGANIZATIONNAME = fantasyworks;
				TargetAttributes = {
					46B2DFF11921D97E009609CD = {
						TestTargetID = 46B2DFD01921D97E009609CD;
					};
				};
			};
			buildConfigurationList = 46B2DFCC1921D97E009609CD /* Build configuration list for PBXProject "Machismo" */;
			compatibilityVersion = "Xcode 3.2";
			developmentRegion = English;
			hasScannedForEncodings = 0;
			knownRegions = (
				en,
				Base,
			);
			mainGroup = 46B2DFC81921D97E009609CD;
			productRefGroup = 46B2DFD21921D97E009609CD /* Products */;
			projectDirPath = "";
			projectRoot = "";
			targets = (
				46B2DFD01921D97E009609CD /* Machismo */,
				46B2DFF11921D97E009609CD /* MachismoTests */,
			);
		};
/* End PBXProject section */

/* Begin PBXResourcesBuildPhase section */
		46B2DFCF1921D97E009609CD /* Resources */ = {
			isa = PBXResourcesBuildPhase;
			buildActionMask = 2147483647;
			files = (
				46B2DFED1921D97E009609CD /* Images.xcassets in Resources */,
				46B2DFDF1921D97E009609CD /* InfoPlist.strings in Resources */,
				46B2DFE81921D97E009609CD /* Main.storyboard in Resources */,
			);
			runOnlyForDeploymentPostprocessing = 0;
		};
		46B2DFF01921D97E009609CD /* Resources */ = {
			isa = PBXResourcesBuildPhase;
			buildActionMask = 2147483647;
			files = (
				46B2DFFE1921D97E009609CD /* InfoPlist.strings in Resources */,
			);
			runOnlyForDeploymentPostprocessing = 0;
		};
/* End PBXResourcesBuildPhase section */

/* Begin PBXSourcesBuildPhase section */
		46B2DFCD1921D97E009609CD /* Sources */ = {
			isa = PBXSourcesBuildPhase;
			buildActionMask = 2147483647;
			files = (
				468D4B32192484CF0043A3FD /* PlayingCard.m in Sources */,
				468D4B2F19247EE80043A3FD /* Deck.m in Sources */,
				46B2DFE51921D97E009609CD /* CardGameAppDelegate.m in Sources */,
				46B2DFEB1921D97E009609CD /* CardGameViewController.m in Sources */,
				468D4B3B1926FD200043A3FD /* CardMatchingGame.m in Sources */,
				468D4B35192491EB0043A3FD /* PlayingCardDeck.m in Sources */,
				468D4B381924A4C50043A3FD /* Card.m in Sources */,
				46B2DFE11921D97E009609CD /* main.m in Sources */,
			);
			runOnlyForDeploymentPostprocessing = 0;
		};
		46B2DFEE1921D97E009609CD /* Sources */ = {
			isa = PBXSourcesBuildPhase;
			buildActionMask = 2147483647;
			files = (
				46B2E0001921D97E009609CD /* MachismoTests.m in Sources */,
			);
			runOnlyForDeploymentPostprocessing = 0;
		};
/* End PBXSourcesBuildPhase section */

/* Begin PBXTargetDependency section */
		46B2DFF81921D97E009609CD /* PBXTargetDependency */ = {
			isa = PBXTargetDependency;
			target = 46B2DFD01921D97E009609CD /* Machismo */;
			targetProxy = 46B2DFF71921D97E009609CD /* PBXContainerItemProxy */;
		};
/* End PBXTargetDependency section */

/* Begin PBXVariantGroup section */
		46B2DFDD1921D97E009609CD /* InfoPlist.strings */ = {
			isa = PBXVariantGroup;
			children = (
				46B2DFDE1921D97E009609CD /* en */,
			);
			name = InfoPlist.strings;
			sourceTree = "<group>";
		};
		46B2DFE61921D97E009609CD /* Main.storyboard */ = {
			isa = PBXVariantGroup;
			children = (
				46B2DFE71921D97E009609CD /* Base */,
			);
			name = Main.storyboard;
			sourceTree = "<group>";
		};
		46B2DFFC1921D97E009609CD /* InfoPlist.strings */ = {
			isa = PBXVariantGroup;
			children = (
				46B2DFFD1921D97E009609CD /* en */,
			);
			name = InfoPlist.strings;
			sourceTree = "<group>";
		};
/* End PBXVariantGroup section */

/* Begin XCBuildConfiguration section */
		46B2E0011921D97E009609CD /* Debug */ = {
			isa = XCBuildConfiguration;
			buildSettings = {
				ALWAYS_SEARCH_USER_PATHS = NO;
				CLANG_CXX_LANGUAGE_STANDARD = "gnu++0x";
				CLANG_CXX_LIBRARY = "libc++";
				CLANG_ENABLE_MODULES = YES;
				CLANG_ENABLE_OBJC_ARC = YES;
				CLANG_WARN_BOOL_CONVERSION = YES;
				CLANG_WARN_CONSTANT_CONVERSION = YES;
				CLANG_WARN_DIRECT_OBJC_ISA_USAGE = YES_ERROR;
				CLANG_WARN_EMPTY_BODY = YES;
				CLANG_WARN_ENUM_CONVERSION = YES;
				CLANG_WARN_INT_CONVERSION = YES;
				CLANG_WARN_OBJC_ROOT_CLASS = YES_ERROR;
				CLANG_WARN__DUPLICATE_METHOD_MATCH = YES;
				"CODE_SIGN_IDENTITY[sdk=iphoneos*]" = "iPhone Developer";
				COPY_PHASE_STRIP = NO;
				GCC_C_LANGUAGE_STANDARD = gnu99;
				GCC_DYNAMIC_NO_PIC = NO;
				GCC_OPTIMIZATION_LEVEL = 0;
				GCC_PREPROCESSOR_DEFINITIONS = (
					"DEBUG=1",
					"$(inherited)",
				);
				GCC_SYMBOLS_PRIVATE_EXTERN = NO;
				GCC_WARN_64_TO_32_BIT_CONVERSION = YES;
				GCC_WARN_ABOUT_RETURN_TYPE = YES_ERROR;
				GCC_WARN_UNDECLARED_SELECTOR = YES;
				GCC_WARN_UNINITIALIZED_AUTOS = YES_AGGRESSIVE;
				GCC_WARN_UNUSED_FUNCTION = YES;
				GCC_WARN_UNUSED_VARIABLE = YES;
				IPHONEOS_DEPLOYMENT_TARGET = 7.1;
				ONLY_ACTIVE_ARCH = YES;
				SDKROOT = iphoneos;
			};
			name = Debug;
		};
		46B2E0021921D97E009609CD /* Release */ = {
			isa = XCBuildConfiguration;
			buildSettings = {
				ALWAYS_SEARCH_USER_PATHS = NO;
				CLANG_CXX_LANGUAGE_STANDARD = "gnu++0x";
				CLANG_CXX_LIBRARY = "libc++";
				CLANG_ENABLE_MODULES = YES;
				CLANG_ENABLE_OBJC_ARC = YES;
				CLANG_WARN_BOOL_CONVERSION = YES;
				CLANG_WARN_CONSTANT_CONVERSION = YES;
				CLANG_WARN_DIRECT_OBJC_ISA_USAGE = YES_ERROR;
				CLANG_WARN_EMPTY_BODY = YES;
				CLANG_WARN_ENUM_CONVERSION = YES;
				CLANG_WARN_INT_CONVERSION = YES;
				CLANG_WARN_OBJC_ROOT_CLASS = YES_ERROR;
				CLANG_WARN__DUPLICATE_METHOD_MATCH = YES;
				"CODE_SIGN_IDENTITY[sdk=iphoneos*]" = "iPhone Developer";
				COPY_PHASE_STRIP = YES;
				ENABLE_NS_ASSERTIONS = NO;
				GCC_C_LANGUAGE_STANDARD = gnu99;
				GCC_WARN_64_TO_32_BIT_CONVERSION = YES;
				GCC_WARN_ABOUT_RETURN_TYPE = YES_ERROR;
				GCC_WARN_UNDECLARED_SELECTOR = YES;
				GCC_WARN_UNINITIALIZED_AUTOS = YES_AGGRESSIVE;
				GCC_WARN_UNUSED_FUNCTION = YES;
				GCC_WARN_UNUSED_VARIABLE = YES;
				IPHONEOS_DEPLOYMENT_TARGET = 7.1;
				SDKROOT = iphoneos;
				VALIDATE_PRODUCT = YES;
			};
			name = Release;
		};
		46B2E0041921D97E009609CD /* Debug */ = {
			isa = XCBuildConfiguration;
			buildSettings = {
				ASSETCATALOG_COMPILER_APPICON_NAME = AppIcon;
				ASSETCATALOG_COMPILER_LAUNCHIMAGE_NAME = LaunchImage;
				GCC_PRECOMPILE_PREFIX_HEADER = YES;
				GCC_PREFIX_HEADER = "Machismo/Machismo-Prefix.pch";
				INFOPLIST_FILE = "Machismo/Machismo-Info.plist";
				PRODUCT_NAME = "$(TARGET_NAME)";
				WRAPPER_EXTENSION = app;
			};
			name = Debug;
		};
		46B2E0051921D97E009609CD /* Release */ = {
			isa = XCBuildConfiguration;
			buildSettings = {
				ASSETCATALOG_COMPILER_APPICON_NAME = AppIcon;
				ASSETCATALOG_COMPILER_LAUNCHIMAGE_NAME = LaunchImage;
				GCC_PRECOMPILE_PREFIX_HEADER = YES;
				GCC_PREFIX_HEADER = "Machismo/Machismo-Prefix.pch";
				INFOPLIST_FILE = "Machismo/Machismo-Info.plist";
				PRODUCT_NAME = "$(TARGET_NAME)";
				WRAPPER_EXTENSION = app;
			};
			name = Release;
		};
		46B2E0071921D97E009609CD /* Debug */ = {
			isa = XCBuildConfiguration;
			buildSettings = {
				BUNDLE_LOADER = "$(BUILT_PRODUCTS_DIR)/Machismo.app/Machismo";
				FRAMEWORK_SEARCH_PATHS = (
					"$(SDKROOT)/Developer/Library/Frameworks",
					"$(inherited)",
					"$(DEVELOPER_FRAMEWORKS_DIR)",
				);
				GCC_PRECOMPILE_PREFIX_HEADER = YES;
				GCC_PREFIX_HEADER = "Machismo/Machismo-Prefix.pch";
				GCC_PREPROCESSOR_DEFINITIONS = (
					"DEBUG=1",
					"$(inherited)",
				);
				INFOPLIST_FILE = "MachismoTests/MachismoTests-Info.plist";
				PRODUCT_NAME = "$(TARGET_NAME)";
				TEST_HOST = "$(BUNDLE_LOADER)";
				WRAPPER_EXTENSION = xctest;
			};
			name = Debug;
		};
		46B2E0081921D97E009609CD /* Release */ = {
			isa = XCBuildConfiguration;
			buildSettings = {
				BUNDLE_LOADER = "$(BUILT_PRODUCTS_DIR)/Machismo.app/Machismo";
				FRAMEWORK_SEARCH_PATHS = (
					"$(SDKROOT)/Developer/Library/Frameworks",
					"$(inherited)",
					"$(DEVELOPER_FRAMEWORKS_DIR)",
				);
				GCC_PRECOMPILE_PREFIX_HEADER = YES;
				GCC_PREFIX_HEADER = "Machismo/Machismo-Prefix.pch";
				INFOPLIST_FILE = "MachismoTests/MachismoTests-Info.plist";
				PRODUCT_NAME = "$(TARGET_NAME)";
				TEST_HOST = "$(BUNDLE_LOADER)";
				WRAPPER_EXTENSION = xctest;
			};
			name = Release;
		};
/* End XCBuildConfiguration section */

/* Begin XCConfigurationList section */
		46B2DFCC1921D97E009609CD /* Build configuration list for PBXProject "Machismo" */ = {
			isa = XCConfigurationList;
			buildConfigurations = (
				46B2E0011921D97E009609CD /* Debug */,
				46B2E0021921D97E009609CD /* Release */,
			);
			defaultConfigurationIsVisible = 0;
			defaultConfigurationName = Release;
		};
		46B2E0031921D97E009609CD /* Build configuration list for PBXNativeTarget "Machismo" */ = {
			isa = XCConfigurationList;
			buildConfigurations = (
				46B2E0041921D97E009609CD /* Debug */,
				46B2E0051921D97E009609CD /* Release */,
			);
			defaultConfigurationIsVisible = 0;
			defaultConfigurationName = Release;
		};
		46B2E0061921D97E009609CD /* Build configuration list for PBXNativeTarget "MachismoTests" */ = {
			isa = XCConfigurationList;
			buildConfigurations = (
				46B2E0071921D97E009609CD /* Debug */,
				46B2E0081921D97E009609CD /* Release */,
			);
			defaultConfigurationIsVisible = 0;
			defaultConfigurationName = Release;
		};
/* End XCConfigurationList section */
	};
	rootObject = 46B2DFC91921D97E009609CD /* Project object */;
}
